# GENERATED FILE - DO NOT EDIT DIRECTLY
schema_version: 1

bundle:
  version: "0.1.0-dev"
  release_sequence: 0
  channel: "development"
  source_commit: "f77ee6ece659be46309117db01b81f3255f9a552"
  digest: "sha256:6224dfe82728a93b5245665a5be9877843b7b0457f5e61a6eb37f14b35de23ef"

projection:
  input_digest: "sha256:1500a454bbd8d1c12b192f7d31c9b3678c19a2db4e1dad78863038810d058307"
  output_digest: "sha256:9feb3876c718861c70cd2352a09fa254850473f5361c4f9774798684df912d03"
  files:
    - path: ".claude/CLAUDE.md"
      digest: "sha256:ffee01f28aba0807d84c3b3efa33bb6a27679836e48cba1f605bc61ce4527293"
    - path: ".gds/compiled-policy.json"
      digest: "sha256:25a729cdde19853e2f7408c31649f809c142f0889f8ca38cab1b3466649a7167"
    - path: "AGENTS.md"
      digest: "sha256:74b00ae2c3d96d3eeffdf542d01783a98f49eea0d31bff82eb25c068312241e5"
